
Microsoft Visual Studio Solution File, Format Version 12.00
# Visual Studio Version 16
VisualStudioVersion = 16.0.31019.35
MinimumVisualStudioVersion = 10.0.40219.1
Project("{FAE04EC0-301F-11D3-BF4B-00C04F79EFBC}") = "SU2_Act_2", "SU2_Act_2.csproj", "{F7BC839D-A855-49C5-A274-FF95BDCD77B7}"
EndProject
Global
	GlobalSection(SolutionConfigurationPlatforms) = preSolution
		Debug|Any CPU = Debug|Any CPU
		Release|Any CPU = Release|Any CPU
	EndGlobalSection
	GlobalSection(ProjectConfigurationPlatforms) = postSolution
		{F7BC839D-A855-49C5-A274-FF95BDCD77B7}.Debug|Any CPU.ActiveCfg = Debug|Any CPU
		{F7BC839D-A855-49C5-A274-FF95BDCD77B7}.Debug|Any CPU.Build.0 = Debug|Any CPU
		{F7BC839D-A855-49C5-A274-FF95BDCD77B7}.Release|Any CPU.ActiveCfg = Release|Any CPU
		{F7BC839D-A855-49C5-A274-FF95BDCD77B7}.Release|Any CPU.Build.0 = Release|Any CPU
	EndGlobalSection
	GlobalSection(SolutionProperties) = preSolution
		HideSolutionNode = FALSE
	EndGlobalSection
	GlobalSection(ExtensibilityGlobals) = postSolution
		SolutionGuid = {EC750E82-49CD-4DA9-9948-C291EB525C07}
	EndGlobalSection
EndGlobal
