
Microsoft Visual Studio Solution File, Format Version 12.00
# Visual Studio Version 16
VisualStudioVersion = 16.0.30413.136
MinimumVisualStudioVersion = 10.0.40219.1
Project("{FAE04EC0-301F-11D3-BF4B-00C04F79EFBC}") = "Project_SU2", "Project_SU2.csproj", "{510F70D3-CE44-4611-9DAA-7FA731D093F5}"
EndProject
Global
	GlobalSection(SolutionConfigurationPlatforms) = preSolution
		Debug|Any CPU = Debug|Any CPU
		Release|Any CPU = Release|Any CPU
	EndGlobalSection
	GlobalSection(ProjectConfigurationPlatforms) = postSolution
		{510F70D3-CE44-4611-9DAA-7FA731D093F5}.Debug|Any CPU.ActiveCfg = Debug|Any CPU
		{510F70D3-CE44-4611-9DAA-7FA731D093F5}.Debug|Any CPU.Build.0 = Debug|Any CPU
		{510F70D3-CE44-4611-9DAA-7FA731D093F5}.Release|Any CPU.ActiveCfg = Release|Any CPU
		{510F70D3-CE44-4611-9DAA-7FA731D093F5}.Release|Any CPU.Build.0 = Release|Any CPU
	EndGlobalSection
	GlobalSection(SolutionProperties) = preSolution
		HideSolutionNode = FALSE
	EndGlobalSection
	GlobalSection(ExtensibilityGlobals) = postSolution
		SolutionGuid = {5834C0F3-1944-483E-A7AB-F9B12DF341E3}
	EndGlobalSection
EndGlobal
