
Microsoft Visual Studio Solution File, Format Version 12.00
# Visual Studio Version 16
VisualStudioVersion = 16.0.31313.79
MinimumVisualStudioVersion = 10.0.40219.1
Project("{FAE04EC0-301F-11D3-BF4B-00C04F79EFBC}") = "SU3_Act8", "SU3_Act8.csproj", "{3F69C803-0614-4C4D-A95F-68C07D290D5A}"
EndProject
Global
	GlobalSection(SolutionConfigurationPlatforms) = preSolution
		Debug|Any CPU = Debug|Any CPU
		Release|Any CPU = Release|Any CPU
	EndGlobalSection
	GlobalSection(ProjectConfigurationPlatforms) = postSolution
		{3F69C803-0614-4C4D-A95F-68C07D290D5A}.Debug|Any CPU.ActiveCfg = Debug|Any CPU
		{3F69C803-0614-4C4D-A95F-68C07D290D5A}.Debug|Any CPU.Build.0 = Debug|Any CPU
		{3F69C803-0614-4C4D-A95F-68C07D290D5A}.Release|Any CPU.ActiveCfg = Release|Any CPU
		{3F69C803-0614-4C4D-A95F-68C07D290D5A}.Release|Any CPU.Build.0 = Release|Any CPU
	EndGlobalSection
	GlobalSection(SolutionProperties) = preSolution
		HideSolutionNode = FALSE
	EndGlobalSection
	GlobalSection(ExtensibilityGlobals) = postSolution
		SolutionGuid = {16B22DCF-FC4E-42BE-BAD4-BDBE7CA6818E}
	EndGlobalSection
EndGlobal
