
Microsoft Visual Studio Solution File, Format Version 12.00
# Visual Studio Version 16
VisualStudioVersion = 16.0.30320.27
MinimumVisualStudioVersion = 10.0.40219.1
Project("{FAE04EC0-301F-11D3-BF4B-00C04F79EFBC}") = "Books And Authors", "Books And Authors.csproj", "{992A9CA4-DCF9-415E-ADF3-0360E534D770}"
EndProject
Global
	GlobalSection(SolutionConfigurationPlatforms) = preSolution
		Debug|Any CPU = Debug|Any CPU
		Release|Any CPU = Release|Any CPU
	EndGlobalSection
	GlobalSection(ProjectConfigurationPlatforms) = postSolution
		{992A9CA4-DCF9-415E-ADF3-0360E534D770}.Debug|Any CPU.ActiveCfg = Debug|Any CPU
		{992A9CA4-DCF9-415E-ADF3-0360E534D770}.Debug|Any CPU.Build.0 = Debug|Any CPU
		{992A9CA4-DCF9-415E-ADF3-0360E534D770}.Release|Any CPU.ActiveCfg = Release|Any CPU
		{992A9CA4-DCF9-415E-ADF3-0360E534D770}.Release|Any CPU.Build.0 = Release|Any CPU
	EndGlobalSection
	GlobalSection(SolutionProperties) = preSolution
		HideSolutionNode = FALSE
	EndGlobalSection
	GlobalSection(ExtensibilityGlobals) = postSolution
		SolutionGuid = {F52C2FB9-E5C3-46E5-A4CE-EACA233143F0}
	EndGlobalSection
EndGlobal
