
Microsoft Visual Studio Solution File, Format Version 12.00
# Visual Studio Version 16
VisualStudioVersion = 16.0.30611.23
MinimumVisualStudioVersion = 10.0.40219.1
Project("{FAE04EC0-301F-11D3-BF4B-00C04F79EFBC}") = "Random Number File Writer,Reader", "Random Number File Writer,Reader.csproj", "{0EBFBC01-B31C-480A-8D87-EAB808C45466}"
EndProject
Global
	GlobalSection(SolutionConfigurationPlatforms) = preSolution
		Debug|Any CPU = Debug|Any CPU
		Release|Any CPU = Release|Any CPU
	EndGlobalSection
	GlobalSection(ProjectConfigurationPlatforms) = postSolution
		{0EBFBC01-B31C-480A-8D87-EAB808C45466}.Debug|Any CPU.ActiveCfg = Debug|Any CPU
		{0EBFBC01-B31C-480A-8D87-EAB808C45466}.Debug|Any CPU.Build.0 = Debug|Any CPU
		{0EBFBC01-B31C-480A-8D87-EAB808C45466}.Release|Any CPU.ActiveCfg = Release|Any CPU
		{0EBFBC01-B31C-480A-8D87-EAB808C45466}.Release|Any CPU.Build.0 = Release|Any CPU
	EndGlobalSection
	GlobalSection(SolutionProperties) = preSolution
		HideSolutionNode = FALSE
	EndGlobalSection
	GlobalSection(ExtensibilityGlobals) = postSolution
		SolutionGuid = {A1E72EDA-E242-4C3E-8A6E-2C39D9B73FF9}
	EndGlobalSection
EndGlobal
