
Microsoft Visual Studio Solution File, Format Version 12.00
# Visual Studio Version 16
VisualStudioVersion = 16.0.30413.136
MinimumVisualStudioVersion = 10.0.40219.1
Project("{FAE04EC0-301F-11D3-BF4B-00C04F79EFBC}") = "Student's Information", "Student's Information.csproj", "{84A1786D-7ED9-4E55-8041-86F7640F58ED}"
EndProject
Global
	GlobalSection(SolutionConfigurationPlatforms) = preSolution
		Debug|Any CPU = Debug|Any CPU
		Release|Any CPU = Release|Any CPU
	EndGlobalSection
	GlobalSection(ProjectConfigurationPlatforms) = postSolution
		{84A1786D-7ED9-4E55-8041-86F7640F58ED}.Debug|Any CPU.ActiveCfg = Debug|Any CPU
		{84A1786D-7ED9-4E55-8041-86F7640F58ED}.Debug|Any CPU.Build.0 = Debug|Any CPU
		{84A1786D-7ED9-4E55-8041-86F7640F58ED}.Release|Any CPU.ActiveCfg = Release|Any CPU
		{84A1786D-7ED9-4E55-8041-86F7640F58ED}.Release|Any CPU.Build.0 = Release|Any CPU
	EndGlobalSection
	GlobalSection(SolutionProperties) = preSolution
		HideSolutionNode = FALSE
	EndGlobalSection
	GlobalSection(ExtensibilityGlobals) = postSolution
		SolutionGuid = {2AC20640-540D-48EE-8BAB-F2B640681B0C}
	EndGlobalSection
EndGlobal
